
Microsoft Visual Studio Solution File, Format Version 12.00
# Visual Studio Version 16
VisualStudioVersion = 16.0.29503.13
MinimumVisualStudioVersion = 10.0.40219.1
Project("{9A19103F-16F7-4668-BE54-9A1E7A4F7556}") = "MiHomeLib", "MiHome\MiHomeLib\MiHomeLib.csproj", "{41321779-2259-4BCF-AE60-FEFA72EB01A1}"
EndProject
Project("{9A19103F-16F7-4668-BE54-9A1E7A4F7556}") = "HomeCenter", "HomeCenter\HomeCenter.csproj", "{81622E0F-3AD9-4BA7-8A11-DC73D2A3B043}"
EndProject
Project("{9A19103F-16F7-4668-BE54-9A1E7A4F7556}") = "HomeExplorer", "HomeExplorer\HomeExplorer.csproj", "{6BC7CD6B-343F-4EA7-856B-212791B2FBF2}"
EndProject
Project("{9A19103F-16F7-4668-BE54-9A1E7A4F7556}") = "ZigbeeLib", "ZigbeeLib\ZigbeeLib.csproj", "{8D021F6A-3528-4D03-9321-7D1D6D692B7B}"
EndProject
Project("{9A19103F-16F7-4668-BE54-9A1E7A4F7556}") = "MqttHelper", "MqttHelper\MqttHelper\MqttHelper.csproj", "{71B35826-A88D-455B-BA98-6E7A36289C83}"
EndProject
Global
	GlobalSection(SolutionConfigurationPlatforms) = preSolution
		Debug|Any CPU = Debug|Any CPU
		Release|Any CPU = Release|Any CPU
	EndGlobalSection
	GlobalSection(ProjectConfigurationPlatforms) = postSolution
		{41321779-2259-4BCF-AE60-FEFA72EB01A1}.Debug|Any CPU.ActiveCfg = Debug|Any CPU
		{41321779-2259-4BCF-AE60-FEFA72EB01A1}.Debug|Any CPU.Build.0 = Debug|Any CPU
		{41321779-2259-4BCF-AE60-FEFA72EB01A1}.Release|Any CPU.ActiveCfg = Release|Any CPU
		{41321779-2259-4BCF-AE60-FEFA72EB01A1}.Release|Any CPU.Build.0 = Release|Any CPU
		{81622E0F-3AD9-4BA7-8A11-DC73D2A3B043}.Debug|Any CPU.ActiveCfg = Debug|Any CPU
		{81622E0F-3AD9-4BA7-8A11-DC73D2A3B043}.Debug|Any CPU.Build.0 = Debug|Any CPU
		{81622E0F-3AD9-4BA7-8A11-DC73D2A3B043}.Release|Any CPU.ActiveCfg = Release|Any CPU
		{81622E0F-3AD9-4BA7-8A11-DC73D2A3B043}.Release|Any CPU.Build.0 = Release|Any CPU
		{6BC7CD6B-343F-4EA7-856B-212791B2FBF2}.Debug|Any CPU.ActiveCfg = Debug|Any CPU
		{6BC7CD6B-343F-4EA7-856B-212791B2FBF2}.Debug|Any CPU.Build.0 = Debug|Any CPU
		{6BC7CD6B-343F-4EA7-856B-212791B2FBF2}.Release|Any CPU.ActiveCfg = Release|Any CPU
		{6BC7CD6B-343F-4EA7-856B-212791B2FBF2}.Release|Any CPU.Build.0 = Release|Any CPU
		{8D021F6A-3528-4D03-9321-7D1D6D692B7B}.Debug|Any CPU.ActiveCfg = Debug|Any CPU
		{8D021F6A-3528-4D03-9321-7D1D6D692B7B}.Debug|Any CPU.Build.0 = Debug|Any CPU
		{8D021F6A-3528-4D03-9321-7D1D6D692B7B}.Release|Any CPU.ActiveCfg = Release|Any CPU
		{8D021F6A-3528-4D03-9321-7D1D6D692B7B}.Release|Any CPU.Build.0 = Release|Any CPU
		{71B35826-A88D-455B-BA98-6E7A36289C83}.Debug|Any CPU.ActiveCfg = Debug|Any CPU
		{71B35826-A88D-455B-BA98-6E7A36289C83}.Debug|Any CPU.Build.0 = Debug|Any CPU
		{71B35826-A88D-455B-BA98-6E7A36289C83}.Release|Any CPU.ActiveCfg = Release|Any CPU
		{71B35826-A88D-455B-BA98-6E7A36289C83}.Release|Any CPU.Build.0 = Release|Any CPU
	EndGlobalSection
	GlobalSection(SolutionProperties) = preSolution
		HideSolutionNode = FALSE
	EndGlobalSection
	GlobalSection(ExtensibilityGlobals) = postSolution
		SolutionGuid = {145764E5-9F52-4568-93F2-0B375ED6318C}
	EndGlobalSection
EndGlobal
